lockfileVersion: '9.0'

settings:
  autoInstallPeers: true
  excludeLinksFromLockfile: false

importers:

  .:
    devDependencies:
      pnpm:
        specifier: 11.17.0
        version: 11.17.0

packages:

  pnpm@11.17.0:
    resolution: {integrity: sha512-zKPOozKtJUu4QUX5ZtGfSHlhUhA0b8kseaBH8joNezzKPDeS8AdrofGDHSd++88KkRmzGppg7Kf7PWIx8zHvcg==}
    engines: {node: '>=22.13'}
    hasBin: true

snapshots:

  pnpm@11.17.0: {}
